
Microsoft Visual Studio Solution File, Format Version 12.00
# Visual Studio 15
VisualStudioVersion = 15.0.26430.16
MinimumVisualStudioVersion = 10.0.40219.1
Project("{FAE04EC0-301F-11D3-BF4B-00C04F79EFBC}") = "SimpleManageLoanV01", "SimpleManageLoanV01\SimpleManageLoanV01.csproj", "{994544F9-72E0-4495-981F-19DC6D6EBD17}"
EndProject
Project("{FAE04EC0-301F-11D3-BF4B-00C04F79EFBC}") = "Model", "Model\Model.csproj", "{ACAF5321-92C9-4FA1-8282-CA8D4205AF2A}"
EndProject
Project("{FAE04EC0-301F-11D3-BF4B-00C04F79EFBC}") = "DAL", "DAL\DAL.csproj", "{339656E7-9844-4E84-88A1-2F5E5396BA4A}"
EndProject
Project("{FAE04EC0-301F-11D3-BF4B-00C04F79EFBC}") = "PersianDate", "Persiandate\PersianDate.csproj", "{6CE3D651-BB33-4E55-B99A-35F831C2072D}"
EndProject
Global
	GlobalSection(SolutionConfigurationPlatforms) = preSolution
		Debug|Any CPU = Debug|Any CPU
		Release|Any CPU = Release|Any CPU
	EndGlobalSection
	GlobalSection(ProjectConfigurationPlatforms) = postSolution
		{994544F9-72E0-4495-981F-19DC6D6EBD17}.Debug|Any CPU.ActiveCfg = Debug|Any CPU
		{994544F9-72E0-4495-981F-19DC6D6EBD17}.Debug|Any CPU.Build.0 = Debug|Any CPU
		{994544F9-72E0-4495-981F-19DC6D6EBD17}.Release|Any CPU.ActiveCfg = Release|Any CPU
		{994544F9-72E0-4495-981F-19DC6D6EBD17}.Release|Any CPU.Build.0 = Release|Any CPU
		{ACAF5321-92C9-4FA1-8282-CA8D4205AF2A}.Debug|Any CPU.ActiveCfg = Debug|Any CPU
		{ACAF5321-92C9-4FA1-8282-CA8D4205AF2A}.Debug|Any CPU.Build.0 = Debug|Any CPU
		{ACAF5321-92C9-4FA1-8282-CA8D4205AF2A}.Release|Any CPU.ActiveCfg = Release|Any CPU
		{ACAF5321-92C9-4FA1-8282-CA8D4205AF2A}.Release|Any CPU.Build.0 = Release|Any CPU
		{339656E7-9844-4E84-88A1-2F5E5396BA4A}.Debug|Any CPU.ActiveCfg = Debug|Any CPU
		{339656E7-9844-4E84-88A1-2F5E5396BA4A}.Debug|Any CPU.Build.0 = Debug|Any CPU
		{339656E7-9844-4E84-88A1-2F5E5396BA4A}.Release|Any CPU.ActiveCfg = Release|Any CPU
		{339656E7-9844-4E84-88A1-2F5E5396BA4A}.Release|Any CPU.Build.0 = Release|Any CPU
		{6CE3D651-BB33-4E55-B99A-35F831C2072D}.Debug|Any CPU.ActiveCfg = Debug|Any CPU
		{6CE3D651-BB33-4E55-B99A-35F831C2072D}.Debug|Any CPU.Build.0 = Debug|Any CPU
		{6CE3D651-BB33-4E55-B99A-35F831C2072D}.Release|Any CPU.ActiveCfg = Release|Any CPU
		{6CE3D651-BB33-4E55-B99A-35F831C2072D}.Release|Any CPU.Build.0 = Release|Any CPU
	EndGlobalSection
	GlobalSection(SolutionProperties) = preSolution
		HideSolutionNode = FALSE
	EndGlobalSection
	GlobalSection(ExtensibilityGlobals) = postSolution
		SolutionGuid = {DEE3C994-BD48-412B-9192-D83C38942EA0}
	EndGlobalSection
EndGlobal
